
Microsoft Visual Studio Solution File, Format Version 12.00
# Visual Studio 14
VisualStudioVersion = 14.0.25420.1
MinimumVisualStudioVersion = 10.0.40219.1
Project("{159641D6-6404-4A2A-AE62-294DE0FE8301}") = "SSIS_Lab", "Integration Services Project1\SSIS_Lab.dtproj", "{2D0118E2-54FB-4FCA-B85C-9C0C5736C5C3}"
EndProject
Global
	GlobalSection(SolutionConfigurationPlatforms) = preSolution
		Development|Default = Development|Default
	EndGlobalSection
	GlobalSection(ProjectConfigurationPlatforms) = postSolution
		{2D0118E2-54FB-4FCA-B85C-9C0C5736C5C3}.Development|Default.ActiveCfg = Development
		{2D0118E2-54FB-4FCA-B85C-9C0C5736C5C3}.Development|Default.Build.0 = Development
	EndGlobalSection
	GlobalSection(SolutionProperties) = preSolution
		HideSolutionNode = FALSE
	EndGlobalSection
EndGlobal
